// !$*UTF8*$!
{
	archiveVersion = 1;
	classes = {
	};
	objectVersion = 46;
	objects = {

/* Begin PBXBuildFile section */
		0502A19E12DEA22600586EB2 /* playbackdictionary.plist in Resources */ = {isa = PBXBuildFile; fileRef = 0502A19C12DEA22600586EB2 /* playbackdictionary.plist */; };
		0502A19F12DEA22600586EB2 /* shootingdictionary.plist in Resources */ = {isa = PBXBuildFile; fileRef = 0502A19D12DEA22600586EB2 /* shootingdictionary.plist */; };
		05183D1712E9612500D9A32E /* Icon-72.png in Resources */ = {isa = PBXBuildFile; fileRef = 05183D1012E9612500D9A32E /* Icon-72.png */; };
		05183D1812E9612600D9A32E /* Icon-Small-50.png in Resources */ = {isa = PBXBuildFile; fileRef = 05183D1112E9612500D9A32E /* Icon-Small-50.png */; };
		05183D1912E9612600D9A32E /* Icon-Small.png in Resources */ = {isa = PBXBuildFile; fileRef = 05183D1212E9612500D9A32E /* Icon-Small.png */; };
		05183D1A12E9612600D9A32E /* Icon-Small@2x.png in Resources */ = {isa = PBXBuildFile; fileRef = 05183D1312E9612500D9A32E /* Icon-Small@2x.png */; };
		05183D1B12E9612600D9A32E /* Icon.png in Resources */ = {isa = PBXBuildFile; fileRef = 05183D1412E9612500D9A32E /* Icon.png */; };
		05183D1C12E9612600D9A32E /* Icon@2x.png in Resources */ = {isa = PBXBuildFile; fileRef = 05183D1512E9612500D9A32E /* Icon@2x.png */; };
		05183D1D12E9612600D9A32E /* iTunesArtwork.png in Resources */ = {isa = PBXBuildFile; fileRef = 05183D1612E9612500D9A32E /* iTunesArtwork.png */; };
		052EE1A712E00BE400292760 /* credits.html in Resources */ = {isa = PBXBuildFile; fileRef = 052EE1A412E00BE400292760 /* credits.html */; };
		052EE1ED12E013D800292760 /* si.png in Resources */ = {isa = PBXBuildFile; fileRef = 052EE1EB12E013D800292760 /* si.png */; };
		0576B41112E7D9BA00E4E689 /* Default.png in Resources */ = {isa = PBXBuildFile; fileRef = 0576B40F12E7D9BA00E4E689 /* Default.png */; };
		0576B41212E7D9BA00E4E689 /* Default@2x.png in Resources */ = {isa = PBXBuildFile; fileRef = 0576B41012E7D9BA00E4E689 /* Default@2x.png */; };
		0576B42C12E7DEE400E4E689 /* DoneDown.png in Resources */ = {isa = PBXBuildFile; fileRef = 0576B42812E7DEE400E4E689 /* DoneDown.png */; };
		0576B42D12E7DEE400E4E689 /* DoneDown3.png in Resources */ = {isa = PBXBuildFile; fileRef = 0576B42912E7DEE400E4E689 /* DoneDown3.png */; };
		0576B42E12E7DEE400E4E689 /* DoneUp.png in Resources */ = {isa = PBXBuildFile; fileRef = 0576B42A12E7DEE400E4E689 /* DoneUp.png */; };
		0576B42F12E7DEE400E4E689 /* DoneUp3.png in Resources */ = {isa = PBXBuildFile; fileRef = 0576B42B12E7DEE400E4E689 /* DoneUp3.png */; };
		0590333112F0F00A00B76180 /* lens-background.png in Resources */ = {isa = PBXBuildFile; fileRef = 0590333012F0F00A00B76180 /* lens-background.png */; };
		0590335A12F0FB9900B76180 /* MessageUI.framework in Frameworks */ = {isa = PBXBuildFile; fileRef = 0590335912F0FB9900B76180 /* MessageUI.framework */; };
		0590341612F1372F00B76180 /* pix.png in Resources */ = {isa = PBXBuildFile; fileRef = 0590341412F1372F00B76180 /* pix.png */; };
		0590341712F1372F00B76180 /* dan.png in Resources */ = {isa = PBXBuildFile; fileRef = 0590341512F1372F00B76180 /* dan.png */; };
		0590343B12F13E2900B76180 /* dan@2x.png in Resources */ = {isa = PBXBuildFile; fileRef = 0590343912F13E2900B76180 /* dan@2x.png */; };
		0590343C12F13E2900B76180 /* pix@2x.png in Resources */ = {isa = PBXBuildFile; fileRef = 0590343A12F13E2900B76180 /* pix@2x.png */; };
		0590344112F13E3900B76180 /* lens-background@2x.png in Resources */ = {isa = PBXBuildFile; fileRef = 0590343F12F13E3900B76180 /* lens-background@2x.png */; };
		0590344212F13E3900B76180 /* si@2x.png in Resources */ = {isa = PBXBuildFile; fileRef = 0590344012F13E3900B76180 /* si@2x.png */; };
		1D3623260D0F684500981E51 /* TimelapseAppDelegate.m in Sources */ = {isa = PBXBuildFile; fileRef = 1D3623250D0F684500981E51 /* TimelapseAppDelegate.m */; };
		1D60589B0D05DD56006BFB54 /* main.m in Sources */ = {isa = PBXBuildFile; fileRef = 29B97316FDCFA39411CA2CEA /* main.m */; };
		1D60589F0D05DD5A006BFB54 /* Foundation.framework in Frameworks */ = {isa = PBXBuildFile; fileRef = 1D30AB110D05D00D00671497 /* Foundation.framework */; };
		1DF5F4E00D08C38300B7A737 /* UIKit.framework in Frameworks */ = {isa = PBXBuildFile; fileRef = 1DF5F4DF0D08C38300B7A737 /* UIKit.framework */; };
		280E754D0DD40C5E005A515E /* FlipsideView.xib in Resources */ = {isa = PBXBuildFile; fileRef = 280E754A0DD40C5E005A515E /* FlipsideView.xib */; };
		280E754E0DD40C5E005A515E /* MainView.xib in Resources */ = {isa = PBXBuildFile; fileRef = 280E754B0DD40C5E005A515E /* MainView.xib */; };
		280E754F0DD40C5E005A515E /* MainWindow.xib in Resources */ = {isa = PBXBuildFile; fileRef = 280E754C0DD40C5E005A515E /* MainWindow.xib */; };
		288765590DF743DE002DB57D /* CoreGraphics.framework in Frameworks */ = {isa = PBXBuildFile; fileRef = 288765580DF743DE002DB57D /* CoreGraphics.framework */; };
		289233AE0DB2D0DB0083E9F9 /* MainViewController.m in Sources */ = {isa = PBXBuildFile; fileRef = 289233A90DB2D0DB0083E9F9 /* MainViewController.m */; };
		289233B00DB2D0DB0083E9F9 /* FlipsideViewController.m in Sources */ = {isa = PBXBuildFile; fileRef = 289233AD0DB2D0DB0083E9F9 /* FlipsideViewController.m */; };
/* End PBXBuildFile section */

/* Begin PBXFileReference section */
		0502A19C12DEA22600586EB2 /* playbackdictionary.plist */ = {isa = PBXFileReference; fileEncoding = 4; lastKnownFileType = text.plist.xml; path = playbackdictionary.plist; sourceTree = "<group>"; };
		0502A19D12DEA22600586EB2 /* shootingdictionary.plist */ = {isa = PBXFileReference; fileEncoding = 4; lastKnownFileType = text.plist.xml; path = shootingdictionary.plist; sourceTree = "<group>"; };
		05183D1012E9612500D9A32E /* Icon-72.png */ = {isa = PBXFileReference; lastKnownFileType = image.png; path = "Icon-72.png"; sourceTree = "<group>"; };
		05183D1112E9612500D9A32E /* Icon-Small-50.png */ = {isa = PBXFileReference; lastKnownFileType = image.png; path = "Icon-Small-50.png"; sourceTree = "<group>"; };
		05183D1212E9612500D9A32E /* Icon-Small.png */ = {isa = PBXFileReference; lastKnownFileType = image.png; path = "Icon-Small.png"; sourceTree = "<group>"; };
		05183D1312E9612500D9A32E /* Icon-Small@2x.png */ = {isa = PBXFileReference; lastKnownFileType = image.png; path = "Icon-Small@2x.png"; sourceTree = "<group>"; };
		05183D1412E9612500D9A32E /* Icon.png */ = {isa = PBXFileReference; lastKnownFileType = image.png; path = Icon.png; sourceTree = "<group>"; };
		05183D1512E9612500D9A32E /* Icon@2x.png */ = {isa = PBXFileReference; lastKnownFileType = image.png; path = "Icon@2x.png"; sourceTree = "<group>"; };
		05183D1612E9612500D9A32E /* iTunesArtwork.png */ = {isa = PBXFileReference; lastKnownFileType = image.png; path = iTunesArtwork.png; sourceTree = "<group>"; };
		052EE1A412E00BE400292760 /* credits.html */ = {isa = PBXFileReference; fileEncoding = 4; lastKnownFileType = text.html; path = credits.html; sourceTree = "<group>"; };
		052EE1EB12E013D800292760 /* si.png */ = {isa = PBXFileReference; lastKnownFileType = image.png; name = si.png; path = ../si.png; sourceTree = "<group>"; };
		0576B40F12E7D9BA00E4E689 /* Default.png */ = {isa = PBXFileReference; lastKnownFileType = image.png; path = Default.png; sourceTree = "<group>"; };
		0576B41012E7D9BA00E4E689 /* Default@2x.png */ = {isa = PBXFileReference; lastKnownFileType = image.png; path = "Default@2x.png"; sourceTree = "<group>"; };
		0576B42812E7DEE400E4E689 /* DoneDown.png */ = {isa = PBXFileReference; lastKnownFileType = image.png; path = DoneDown.png; sourceTree = "<group>"; };
		0576B42912E7DEE400E4E689 /* DoneDown3.png */ = {isa = PBXFileReference; lastKnownFileType = image.png; path = DoneDown3.png; sourceTree = "<group>"; };
		0576B42A12E7DEE400E4E689 /* DoneUp.png */ = {isa = PBXFileReference; lastKnownFileType = image.png; path = DoneUp.png; sourceTree = "<group>"; };
		0576B42B12E7DEE400E4E689 /* DoneUp3.png */ = {isa = PBXFileReference; lastKnownFileType = image.png; path = DoneUp3.png; sourceTree = "<group>"; };
		0590333012F0F00A00B76180 /* lens-background.png */ = {isa = PBXFileReference; lastKnownFileType = image.png; path = "lens-background.png"; sourceTree = "<group>"; };
		0590335912F0FB9900B76180 /* MessageUI.framework */ = {isa = PBXFileReference; lastKnownFileType = wrapper.framework; name = MessageUI.framework; path = System/Library/Frameworks/MessageUI.framework; sourceTree = SDKROOT; };
		0590341412F1372F00B76180 /* pix.png */ = {isa = PBXFileReference; lastKnownFileType = image.png; path = pix.png; sourceTree = "<group>"; };
		0590341512F1372F00B76180 /* dan.png */ = {isa = PBXFileReference; lastKnownFileType = image.png; path = dan.png; sourceTree = "<group>"; };
		0590343912F13E2900B76180 /* dan@2x.png */ = {isa = PBXFileReference; lastKnownFileType = image.png; path = "dan@2x.png"; sourceTree = "<group>"; };
		0590343A12F13E2900B76180 /* pix@2x.png */ = {isa = PBXFileReference; lastKnownFileType = image.png; path = "pix@2x.png"; sourceTree = "<group>"; };
		0590343F12F13E3900B76180 /* lens-background@2x.png */ = {isa = PBXFileReference; lastKnownFileType = image.png; path = "lens-background@2x.png"; sourceTree = "<group>"; };
		0590344012F13E3900B76180 /* si@2x.png */ = {isa = PBXFileReference; lastKnownFileType = image.png; name = "si@2x.png"; path = "../si@2x.png"; sourceTree = "<group>"; };
		1D30AB110D05D00D00671497 /* Foundation.framework */ = {isa = PBXFileReference; lastKnownFileType = wrapper.framework; name = Foundation.framework; path = System/Library/Frameworks/Foundation.framework; sourceTree = SDKROOT; };
		1D3623240D0F684500981E51 /* TimelapseAppDelegate.h */ = {isa = PBXFileReference; fileEncoding = 4; lastKnownFileType = sourcecode.c.h; path = TimelapseAppDelegate.h; sourceTree = "<group>"; };
		1D3623250D0F684500981E51 /* TimelapseAppDelegate.m */ = {isa = PBXFileReference; fileEncoding = 4; lastKnownFileType = sourcecode.c.objc; path = TimelapseAppDelegate.m; sourceTree = "<group>"; };
		1D6058910D05DD3D006BFB54 /* Timelapse.app */ = {isa = PBXFileReference; explicitFileType = wrapper.application; includeInIndex = 0; path = Timelapse.app; sourceTree = BUILT_PRODUCTS_DIR; };
		1DF5F4DF0D08C38300B7A737 /* UIKit.framework */ = {isa = PBXFileReference; lastKnownFileType = wrapper.framework; name = UIKit.framework; path = System/Library/Frameworks/UIKit.framework; sourceTree = SDKROOT; };
		280E754A0DD40C5E005A515E /* FlipsideView.xib */ = {isa = PBXFileReference; lastKnownFileType = file.xib; path = FlipsideView.xib; sourceTree = "<group>"; };
		280E754B0DD40C5E005A515E /* MainView.xib */ = {isa = PBXFileReference; lastKnownFileType = file.xib; path = MainView.xib; sourceTree = "<group>"; };
		280E754C0DD40C5E005A515E /* MainWindow.xib */ = {isa = PBXFileReference; lastKnownFileType = file.xib; path = MainWindow.xib; sourceTree = "<group>"; };
		288765580DF743DE002DB57D /* CoreGraphics.framework */ = {isa = PBXFileReference; lastKnownFileType = wrapper.framework; name = CoreGraphics.framework; path = System/Library/Frameworks/CoreGraphics.framework; sourceTree = SDKROOT; };
		289233A80DB2D0DB0083E9F9 /* MainViewController.h */ = {isa = PBXFileReference; fileEncoding = 4; lastKnownFileType = sourcecode.c.h; name = MainViewController.h; path = Classes/MainViewController.h; sourceTree = "<group>"; };
		289233A90DB2D0DB0083E9F9 /* MainViewController.m */ = {isa = PBXFileReference; fileEncoding = 4; lastKnownFileType = sourcecode.c.objc; name = MainViewController.m; path = Classes/MainViewController.m; sourceTree = "<group>"; };
		289233AC0DB2D0DB0083E9F9 /* FlipsideViewController.h */ = {isa = PBXFileReference; fileEncoding = 4; lastKnownFileType = sourcecode.c.h; name = FlipsideViewController.h; path = Classes/FlipsideViewController.h; sourceTree = "<group>"; };
		289233AD0DB2D0DB0083E9F9 /* FlipsideViewController.m */ = {isa = PBXFileReference; fileEncoding = 4; lastKnownFileType = sourcecode.c.objc; name = FlipsideViewController.m; path = Classes/FlipsideViewController.m; sourceTree = "<group>"; };
		29B97316FDCFA39411CA2CEA /* main.m */ = {isa = PBXFileReference; fileEncoding = 4; lastKnownFileType = sourcecode.c.objc; path = main.m; sourceTree = "<group>"; };
		32CA4F630368D1EE00C91783 /* Timelapse_Prefix.pch */ = {isa = PBXFileReference; fileEncoding = 4; lastKnownFileType = sourcecode.c.h; path = Timelapse_Prefix.pch; sourceTree = "<group>"; };
		8D1107310486CEB800E47090 /* Timelapse-Info.plist */ = {isa = PBXFileReference; fileEncoding = 4; lastKnownFileType = text.plist.xml; path = "Timelapse-Info.plist"; plistStructureDefinitionIdentifier = "com.apple.xcode.plist.structure-definition.iphone.info-plist"; sourceTree = "<group>"; };
/* End PBXFileReference section */

/* Begin PBXFrameworksBuildPhase section */
		1D60588F0D05DD3D006BFB54 /* Frameworks */ = {
			isa = PBXFrameworksBuildPhase;
			buildActionMask = 2147483647;
			files = (
				1D60589F0D05DD5A006BFB54 /* Foundation.framework in Frameworks */,
				1DF5F4E00D08C38300B7A737 /* UIKit.framework in Frameworks */,
				288765590DF743DE002DB57D /* CoreGraphics.framework in Frameworks */,
				0590335A12F0FB9900B76180 /* MessageUI.framework in Frameworks */,
			);
			runOnlyForDeploymentPostprocessing = 0;
		};
/* End PBXFrameworksBuildPhase section */

/* Begin PBXGroup section */
		052EE1A312E00BE400292760 /* credits */ = {
			isa = PBXGroup;
			children = (
				0590344012F13E3900B76180 /* si@2x.png */,
				0590343912F13E2900B76180 /* dan@2x.png */,
				0590343A12F13E2900B76180 /* pix@2x.png */,
				0590341412F1372F00B76180 /* pix.png */,
				0590341512F1372F00B76180 /* dan.png */,
				052EE1EB12E013D800292760 /* si.png */,
				052EE1A412E00BE400292760 /* credits.html */,
			);
			path = credits;
			sourceTree = "<group>";
		};
		059033A412F1288D00B76180 /* Icons */ = {
			isa = PBXGroup;
			children = (
				05183D1012E9612500D9A32E /* Icon-72.png */,
				05183D1112E9612500D9A32E /* Icon-Small-50.png */,
				05183D1212E9612500D9A32E /* Icon-Small.png */,
				05183D1312E9612500D9A32E /* Icon-Small@2x.png */,
				05183D1412E9612500D9A32E /* Icon.png */,
				05183D1512E9612500D9A32E /* Icon@2x.png */,
				05183D1612E9612500D9A32E /* iTunesArtwork.png */,
			);
			name = Icons;
			sourceTree = "<group>";
		};
		080E96DDFE201D6D7F000001 /* Application Delegate */ = {
			isa = PBXGroup;
			children = (
				1D3623240D0F684500981E51 /* TimelapseAppDelegate.h */,
				1D3623250D0F684500981E51 /* TimelapseAppDelegate.m */,
			);
			name = "Application Delegate";
			path = Classes;
			sourceTree = "<group>";
		};
		19C28FACFE9D520D11CA2CBB /* Products */ = {
			isa = PBXGroup;
			children = (
				1D6058910D05DD3D006BFB54 /* Timelapse.app */,
			);
			name = Products;
			sourceTree = "<group>";
		};
		281C6CD70DB2D82200F60ACC /* Flipside View */ = {
			isa = PBXGroup;
			children = (
				289233AC0DB2D0DB0083E9F9 /* FlipsideViewController.h */,
				289233AD0DB2D0DB0083E9F9 /* FlipsideViewController.m */,
			);
			name = "Flipside View";
			sourceTree = "<group>";
		};
		289233A00DB2D0730083E9F9 /* Main View */ = {
			isa = PBXGroup;
			children = (
				289233A80DB2D0DB0083E9F9 /* MainViewController.h */,
				289233A90DB2D0DB0083E9F9 /* MainViewController.m */,
			);
			name = "Main View";
			sourceTree = "<group>";
		};
		29B97314FDCFA39411CA2CEA /* CustomTemplate */ = {
			isa = PBXGroup;
			children = (
				289233A00DB2D0730083E9F9 /* Main View */,
				281C6CD70DB2D82200F60ACC /* Flipside View */,
				080E96DDFE201D6D7F000001 /* Application Delegate */,
				29B97315FDCFA39411CA2CEA /* Other Sources */,
				29B97317FDCFA39411CA2CEA /* Resources */,
				29B97323FDCFA39411CA2CEA /* Frameworks */,
				19C28FACFE9D520D11CA2CBB /* Products */,
			);
			name = CustomTemplate;
			sourceTree = "<group>";
		};
		29B97315FDCFA39411CA2CEA /* Other Sources */ = {
			isa = PBXGroup;
			children = (
				32CA4F630368D1EE00C91783 /* Timelapse_Prefix.pch */,
				29B97316FDCFA39411CA2CEA /* main.m */,
			);
			name = "Other Sources";
			sourceTree = "<group>";
		};
		29B97317FDCFA39411CA2CEA /* Resources */ = {
			isa = PBXGroup;
			children = (
				059033A412F1288D00B76180 /* Icons */,
				0590333012F0F00A00B76180 /* lens-background.png */,
				0590343F12F13E3900B76180 /* lens-background@2x.png */,
				0576B42812E7DEE400E4E689 /* DoneDown.png */,
				0576B42912E7DEE400E4E689 /* DoneDown3.png */,
				0576B42A12E7DEE400E4E689 /* DoneUp.png */,
				0576B42B12E7DEE400E4E689 /* DoneUp3.png */,
				0576B40F12E7D9BA00E4E689 /* Default.png */,
				0576B41012E7D9BA00E4E689 /* Default@2x.png */,
				052EE1A312E00BE400292760 /* credits */,
				0502A19C12DEA22600586EB2 /* playbackdictionary.plist */,
				0502A19D12DEA22600586EB2 /* shootingdictionary.plist */,
				280E754A0DD40C5E005A515E /* FlipsideView.xib */,
				280E754B0DD40C5E005A515E /* MainView.xib */,
				280E754C0DD40C5E005A515E /* MainWindow.xib */,
				8D1107310486CEB800E47090 /* Timelapse-Info.plist */,
			);
			name = Resources;
			sourceTree = "<group>";
		};
		29B97323FDCFA39411CA2CEA /* Frameworks */ = {
			isa = PBXGroup;
			children = (
				1DF5F4DF0D08C38300B7A737 /* UIKit.framework */,
				1D30AB110D05D00D00671497 /* Foundation.framework */,
				288765580DF743DE002DB57D /* CoreGraphics.framework */,
				0590335912F0FB9900B76180 /* MessageUI.framework */,
			);
			name = Frameworks;
			sourceTree = "<group>";
		};
/* End PBXGroup section */

/* Begin PBXNativeTarget section */
		1D6058900D05DD3D006BFB54 /* Timelapse */ = {
			isa = PBXNativeTarget;
			buildConfigurationList = 1D6058960D05DD3E006BFB54 /* Build configuration list for PBXNativeTarget "Timelapse" */;
			buildPhases = (
				1D60588D0D05DD3D006BFB54 /* Resources */,
				1D60588E0D05DD3D006BFB54 /* Sources */,
				1D60588F0D05DD3D006BFB54 /* Frameworks */,
			);
			buildRules = (
			);
			dependencies = (
			);
			name = Timelapse;
			productName = Timelapse;
			productReference = 1D6058910D05DD3D006BFB54 /* Timelapse.app */;
			productType = "com.apple.product-type.application";
		};
/* End PBXNativeTarget section */

/* Begin PBXProject section */
		29B97313FDCFA39411CA2CEA /* Project object */ = {
			isa = PBXProject;
			buildConfigurationList = C01FCF4E08A954540054247B /* Build configuration list for PBXProject "Timelapse" */;
			compatibilityVersion = "Xcode 3.2";
			developmentRegion = English;
			hasScannedForEncodings = 1;
			knownRegions = (
				English,
				Japanese,
				French,
				German,
				en,
			);
			mainGroup = 29B97314FDCFA39411CA2CEA /* CustomTemplate */;
			projectDirPath = "";
			projectRoot = "";
			targets = (
				1D6058900D05DD3D006BFB54 /* Timelapse */,
			);
		};
/* End PBXProject section */

/* Begin PBXResourcesBuildPhase section */
		1D60588D0D05DD3D006BFB54 /* Resources */ = {
			isa = PBXResourcesBuildPhase;
			buildActionMask = 2147483647;
			files = (
				280E754D0DD40C5E005A515E /* FlipsideView.xib in Resources */,
				280E754E0DD40C5E005A515E /* MainView.xib in Resources */,
				280E754F0DD40C5E005A515E /* MainWindow.xib in Resources */,
				0502A19E12DEA22600586EB2 /* playbackdictionary.plist in Resources */,
				0502A19F12DEA22600586EB2 /* shootingdictionary.plist in Resources */,
				052EE1A712E00BE400292760 /* credits.html in Resources */,
				052EE1ED12E013D800292760 /* si.png in Resources */,
				0576B41112E7D9BA00E4E689 /* Default.png in Resources */,
				0576B41212E7D9BA00E4E689 /* Default@2x.png in Resources */,
				0576B42C12E7DEE400E4E689 /* DoneDown.png in Resources */,
				0576B42D12E7DEE400E4E689 /* DoneDown3.png in Resources */,
				0576B42E12E7DEE400E4E689 /* DoneUp.png in Resources */,
				0576B42F12E7DEE400E4E689 /* DoneUp3.png in Resources */,
				05183D1712E9612500D9A32E /* Icon-72.png in Resources */,
				05183D1812E9612600D9A32E /* Icon-Small-50.png in Resources */,
				05183D1912E9612600D9A32E /* Icon-Small.png in Resources */,
				05183D1A12E9612600D9A32E /* Icon-Small@2x.png in Resources */,
				05183D1B12E9612600D9A32E /* Icon.png in Resources */,
				05183D1C12E9612600D9A32E /* Icon@2x.png in Resources */,
				05183D1D12E9612600D9A32E /* iTunesArtwork.png in Resources */,
				0590333112F0F00A00B76180 /* lens-background.png in Resources */,
				0590341612F1372F00B76180 /* pix.png in Resources */,
				0590341712F1372F00B76180 /* dan.png in Resources */,
				0590343B12F13E2900B76180 /* dan@2x.png in Resources */,
				0590343C12F13E2900B76180 /* pix@2x.png in Resources */,
				0590344112F13E3900B76180 /* lens-background@2x.png in Resources */,
				0590344212F13E3900B76180 /* si@2x.png in Resources */,
			);
			runOnlyForDeploymentPostprocessing = 0;
		};
/* End PBXResourcesBuildPhase section */

/* Begin PBXSourcesBuildPhase section */
		1D60588E0D05DD3D006BFB54 /* Sources */ = {
			isa = PBXSourcesBuildPhase;
			buildActionMask = 2147483647;
			files = (
				1D60589B0D05DD56006BFB54 /* main.m in Sources */,
				1D3623260D0F684500981E51 /* TimelapseAppDelegate.m in Sources */,
				289233AE0DB2D0DB0083E9F9 /* MainViewController.m in Sources */,
				289233B00DB2D0DB0083E9F9 /* FlipsideViewController.m in Sources */,
			);
			runOnlyForDeploymentPostprocessing = 0;
		};
/* End PBXSourcesBuildPhase section */

/* Begin XCBuildConfiguration section */
		1D6058940D05DD3E006BFB54 /* Debug */ = {
			isa = XCBuildConfiguration;
			buildSettings = {
				ALWAYS_SEARCH_USER_PATHS = NO;
				COPY_PHASE_STRIP = NO;
				GCC_DYNAMIC_NO_PIC = NO;
				GCC_OPTIMIZATION_LEVEL = 0;
				GCC_PRECOMPILE_PREFIX_HEADER = YES;
				GCC_PREFIX_HEADER = Timelapse_Prefix.pch;
				INFOPLIST_FILE = "Timelapse-Info.plist";
				PRODUCT_NAME = Timelapse;
			};
			name = Debug;
		};
		1D6058950D05DD3E006BFB54 /* Release */ = {
			isa = XCBuildConfiguration;
			buildSettings = {
				ALWAYS_SEARCH_USER_PATHS = NO;
				COPY_PHASE_STRIP = YES;
				GCC_PRECOMPILE_PREFIX_HEADER = YES;
				GCC_PREFIX_HEADER = Timelapse_Prefix.pch;
				INFOPLIST_FILE = "Timelapse-Info.plist";
				PRODUCT_NAME = Timelapse;
				VALIDATE_PRODUCT = YES;
			};
			name = Release;
		};
		C01FCF4F08A954540054247B /* Debug */ = {
			isa = XCBuildConfiguration;
			buildSettings = {
				ARCHS = "$(ARCHS_STANDARD_32_BIT)";
				"CODE_SIGN_IDENTITY[sdk=iphoneos*]" = "iPhone Distribution: Simon Loffler";
				GCC_C_LANGUAGE_STANDARD = c99;
				GCC_WARN_ABOUT_RETURN_TYPE = YES;
				GCC_WARN_UNUSED_VARIABLE = YES;
				IPHONEOS_DEPLOYMENT_TARGET = 3.1.3;
				PREBINDING = NO;
				"PROVISIONING_PROFILE[sdk=iphoneos*]" = "FE53B784-E5B1-4D3D-BAA9-77F2F622309A";
				SDKROOT = iphoneos;
			};
			name = Debug;
		};
		C01FCF5008A954540054247B /* Release */ = {
			isa = XCBuildConfiguration;
			buildSettings = {
				ARCHS = "$(ARCHS_STANDARD_32_BIT)";
				"CODE_SIGN_IDENTITY[sdk=iphoneos*]" = "iPhone Distribution: Simon Loffler";
				GCC_C_LANGUAGE_STANDARD = c99;
				GCC_WARN_ABOUT_RETURN_TYPE = YES;
				GCC_WARN_UNUSED_VARIABLE = YES;
				IPHONEOS_DEPLOYMENT_TARGET = 3.1.3;
				OTHER_CFLAGS = "-DNS_BLOCK_ASSERTIONS=1";
				PREBINDING = NO;
				"PROVISIONING_PROFILE[sdk=iphoneos*]" = "FE53B784-E5B1-4D3D-BAA9-77F2F622309A";
				SDKROOT = iphoneos;
			};
			name = Release;
		};
/* End XCBuildConfiguration section */

/* Begin XCConfigurationList section */
		1D6058960D05DD3E006BFB54 /* Build configuration list for PBXNativeTarget "Timelapse" */ = {
			isa = XCConfigurationList;
			buildConfigurations = (
				1D6058940D05DD3E006BFB54 /* Debug */,
				1D6058950D05DD3E006BFB54 /* Release */,
			);
			defaultConfigurationIsVisible = 0;
			defaultConfigurationName = Release;
		};
		C01FCF4E08A954540054247B /* Build configuration list for PBXProject "Timelapse" */ = {
			isa = XCConfigurationList;
			buildConfigurations = (
				C01FCF4F08A954540054247B /* Debug */,
				C01FCF5008A954540054247B /* Release */,
			);
			defaultConfigurationIsVisible = 0;
			defaultConfigurationName = Release;
		};
/* End XCConfigurationList section */
	};
	rootObject = 29B97313FDCFA39411CA2CEA /* Project object */;
}
