// !$*UTF8*$!
{
	archiveVersion = 1;
	classes = {
	};
	objectVersion = 54;
	objects = {

/* Begin PBXBuildFile section */
		052EE1ED12E013D800292760 /* si.png in Resources */ = {isa = PBXBuildFile; fileRef = 052EE1EB12E013D800292760 /* si.png */; };
		0590341612F1372F00B76180 /* pix.png in Resources */ = {isa = PBXBuildFile; fileRef = 0590341412F1372F00B76180 /* pix.png */; };
		0590341712F1372F00B76180 /* dan.png in Resources */ = {isa = PBXBuildFile; fileRef = 0590341512F1372F00B76180 /* dan.png */; };
		0590343B12F13E2900B76180 /* dan@2x.png in Resources */ = {isa = PBXBuildFile; fileRef = 0590343912F13E2900B76180 /* dan@2x.png */; };
		0590343C12F13E2900B76180 /* pix@2x.png in Resources */ = {isa = PBXBuildFile; fileRef = 0590343A12F13E2900B76180 /* pix@2x.png */; };
		0590344212F13E3900B76180 /* si@2x.png in Resources */ = {isa = PBXBuildFile; fileRef = 0590344012F13E3900B76180 /* si@2x.png */; };
		A11C4C020000000000000001 /* Calculator.swift in Sources */ = {isa = PBXBuildFile; fileRef = A11C4C010000000000000001 /* Calculator.swift */; };
		A11C4C020000000000000002 /* CalculatorStore.swift in Sources */ = {isa = PBXBuildFile; fileRef = A11C4C010000000000000002 /* CalculatorStore.swift */; };
		A11C4C020000000000000003 /* TimelapseApp.swift in Sources */ = {isa = PBXBuildFile; fileRef = A11C4C010000000000000003 /* TimelapseApp.swift */; };
		A11C4C020000000000000004 /* CalculatorView.swift in Sources */ = {isa = PBXBuildFile; fileRef = A11C4C010000000000000004 /* CalculatorView.swift */; };
		A11C4C020000000000000005 /* SettingsView.swift in Sources */ = {isa = PBXBuildFile; fileRef = A11C4C010000000000000005 /* SettingsView.swift */; };
		A11C4C020000000000000006 /* CalculatorTests.swift in Sources */ = {isa = PBXBuildFile; fileRef = A11C4C010000000000000006 /* CalculatorTests.swift */; };
		A11C4C020000000000000008 /* LeicaClick.swift in Sources */ = {isa = PBXBuildFile; fileRef = A11C4C010000000000000008 /* LeicaClick.swift */; };
		A11C4C020000000000000009 /* leica-click.wav in Resources */ = {isa = PBXBuildFile; fileRef = A11C4C010000000000000009 /* leica-click.wav */; };
		A11C4C02000000000000000A /* timelapse.icon in Resources */ = {isa = PBXBuildFile; fileRef = A11C4C01000000000000000A /* timelapse.icon */; };
		A11C4C02000000000000000B /* leica-shutter.wav in Resources */ = {isa = PBXBuildFile; fileRef = A11C4C01000000000000000B /* leica-shutter.wav */; };
/* End PBXBuildFile section */

/* Begin PBXContainerItemProxy section */
		A11C4C040000000000000005 /* PBXContainerItemProxy */ = {
			isa = PBXContainerItemProxy;
			containerPortal = 29B97313FDCFA39411CA2CEA /* Project object */;
			proxyType = 1;
			remoteGlobalIDString = 1D6058900D05DD3D006BFB54;
			remoteInfo = Timelapse;
		};
/* End PBXContainerItemProxy section */

/* Begin PBXFileReference section */
		052EE1EB12E013D800292760 /* si.png */ = {isa = PBXFileReference; lastKnownFileType = image.png; name = si.png; path = ../si.png; sourceTree = "<group>"; };
		0590341412F1372F00B76180 /* pix.png */ = {isa = PBXFileReference; lastKnownFileType = image.png; path = pix.png; sourceTree = "<group>"; };
		0590341512F1372F00B76180 /* dan.png */ = {isa = PBXFileReference; lastKnownFileType = image.png; path = dan.png; sourceTree = "<group>"; };
		0590343912F13E2900B76180 /* dan@2x.png */ = {isa = PBXFileReference; lastKnownFileType = image.png; path = "dan@2x.png"; sourceTree = "<group>"; };
		0590343A12F13E2900B76180 /* pix@2x.png */ = {isa = PBXFileReference; lastKnownFileType = image.png; path = "pix@2x.png"; sourceTree = "<group>"; };
		0590344012F13E3900B76180 /* si@2x.png */ = {isa = PBXFileReference; lastKnownFileType = image.png; name = "si@2x.png"; path = "../si@2x.png"; sourceTree = "<group>"; };
		1D6058910D05DD3D006BFB54 /* Timelapse.app */ = {isa = PBXFileReference; explicitFileType = wrapper.application; includeInIndex = 0; path = Timelapse.app; sourceTree = BUILT_PRODUCTS_DIR; };
		8D1107310486CEB800E47090 /* Timelapse-Info.plist */ = {isa = PBXFileReference; fileEncoding = 4; lastKnownFileType = text.plist.xml; path = "Timelapse-Info.plist"; plistStructureDefinitionIdentifier = "com.apple.xcode.plist.structure-definition.iphone.info-plist"; sourceTree = "<group>"; };
		A11C4C010000000000000001 /* Calculator.swift */ = {isa = PBXFileReference; lastKnownFileType = sourcecode.swift; path = Calculator.swift; sourceTree = "<group>"; };
		A11C4C010000000000000002 /* CalculatorStore.swift */ = {isa = PBXFileReference; lastKnownFileType = sourcecode.swift; path = CalculatorStore.swift; sourceTree = "<group>"; };
		A11C4C010000000000000003 /* TimelapseApp.swift */ = {isa = PBXFileReference; lastKnownFileType = sourcecode.swift; path = TimelapseApp.swift; sourceTree = "<group>"; };
		A11C4C010000000000000004 /* CalculatorView.swift */ = {isa = PBXFileReference; lastKnownFileType = sourcecode.swift; path = CalculatorView.swift; sourceTree = "<group>"; };
		A11C4C010000000000000005 /* SettingsView.swift */ = {isa = PBXFileReference; lastKnownFileType = sourcecode.swift; path = SettingsView.swift; sourceTree = "<group>"; };
		A11C4C010000000000000006 /* CalculatorTests.swift */ = {isa = PBXFileReference; lastKnownFileType = sourcecode.swift; path = CalculatorTests.swift; sourceTree = "<group>"; };
		A11C4C010000000000000007 /* TimelapseTests.xctest */ = {isa = PBXFileReference; explicitFileType = wrapper.cfbundle; includeInIndex = 0; path = TimelapseTests.xctest; sourceTree = BUILT_PRODUCTS_DIR; };
		A11C4C010000000000000008 /* LeicaClick.swift */ = {isa = PBXFileReference; lastKnownFileType = sourcecode.swift; path = LeicaClick.swift; sourceTree = "<group>"; };
		A11C4C010000000000000009 /* leica-click.wav */ = {isa = PBXFileReference; lastKnownFileType = audio.wav; path = "leica-click.wav"; sourceTree = "<group>"; };
		A11C4C01000000000000000A /* timelapse.icon */ = {isa = PBXFileReference; lastKnownFileType = folder.iconcomposer; path = timelapse.icon; sourceTree = "<group>"; };
		A11C4C01000000000000000B /* leica-shutter.wav */ = {isa = PBXFileReference; lastKnownFileType = audio.wav; path = "leica-shutter.wav"; sourceTree = "<group>"; };
/* End PBXFileReference section */

/* Begin PBXFrameworksBuildPhase section */
		1D60588F0D05DD3D006BFB54 /* Frameworks */ = {
			isa = PBXFrameworksBuildPhase;
			buildActionMask = 2147483647;
			files = (
			);
			runOnlyForDeploymentPostprocessing = 0;
		};
		A11C4C040000000000000003 /* Frameworks */ = {
			isa = PBXFrameworksBuildPhase;
			buildActionMask = 2147483647;
			files = (
			);
			runOnlyForDeploymentPostprocessing = 0;
		};
/* End PBXFrameworksBuildPhase section */

/* Begin PBXGroup section */
		052EE1A312E00BE400292760 /* credits */ = {
			isa = PBXGroup;
			children = (
				0590344012F13E3900B76180 /* si@2x.png */,
				0590343912F13E2900B76180 /* dan@2x.png */,
				0590343A12F13E2900B76180 /* pix@2x.png */,
				0590341412F1372F00B76180 /* pix.png */,
				0590341512F1372F00B76180 /* dan.png */,
				052EE1EB12E013D800292760 /* si.png */,
			);
			path = credits;
			sourceTree = "<group>";
		};
		19C28FACFE9D520D11CA2CBB /* Products */ = {
			isa = PBXGroup;
			children = (
				1D6058910D05DD3D006BFB54 /* Timelapse.app */,
				A11C4C010000000000000007 /* TimelapseTests.xctest */,
			);
			name = Products;
			sourceTree = "<group>";
		};
		29B97314FDCFA39411CA2CEA /* Timelapse */ = {
			isa = PBXGroup;
			children = (
				A11C4C01000000000000000A /* timelapse.icon */,
				A11C4C030000000000000001 /* Swift */,
				A11C4C030000000000000003 /* Sounds */,
				052EE1A312E00BE400292760 /* credits */,
				A11C4C030000000000000002 /* TimelapseTests */,
				8D1107310486CEB800E47090 /* Timelapse-Info.plist */,
				19C28FACFE9D520D11CA2CBB /* Products */,
			);
			name = Timelapse;
			sourceTree = "<group>";
		};
		A11C4C030000000000000001 /* Swift */ = {
			isa = PBXGroup;
			children = (
				A11C4C010000000000000001 /* Calculator.swift */,
				A11C4C010000000000000002 /* CalculatorStore.swift */,
				A11C4C010000000000000003 /* TimelapseApp.swift */,
				A11C4C010000000000000004 /* CalculatorView.swift */,
				A11C4C010000000000000005 /* SettingsView.swift */,
				A11C4C010000000000000008 /* LeicaClick.swift */,
			);
			path = Swift;
			sourceTree = "<group>";
		};
		A11C4C030000000000000002 /* TimelapseTests */ = {
			isa = PBXGroup;
			children = (
				A11C4C010000000000000006 /* CalculatorTests.swift */,
			);
			path = TimelapseTests;
			sourceTree = "<group>";
		};
		A11C4C030000000000000003 /* Sounds */ = {
			isa = PBXGroup;
			children = (
				A11C4C010000000000000009 /* leica-click.wav */,
				A11C4C01000000000000000B /* leica-shutter.wav */,
			);
			path = Sounds;
			sourceTree = "<group>";
		};
/* End PBXGroup section */

/* Begin PBXNativeTarget section */
		1D6058900D05DD3D006BFB54 /* Timelapse */ = {
			isa = PBXNativeTarget;
			buildConfigurationList = 1D6058960D05DD3E006BFB54 /* Build configuration list for PBXNativeTarget "Timelapse" */;
			buildPhases = (
				1D60588D0D05DD3D006BFB54 /* Resources */,
				1D60588E0D05DD3D006BFB54 /* Sources */,
				1D60588F0D05DD3D006BFB54 /* Frameworks */,
			);
			buildRules = (
			);
			dependencies = (
			);
			name = Timelapse;
			productName = Timelapse;
			productReference = 1D6058910D05DD3D006BFB54 /* Timelapse.app */;
			productType = "com.apple.product-type.application";
		};
		A11C4C040000000000000001 /* TimelapseTests */ = {
			isa = PBXNativeTarget;
			buildConfigurationList = A11C4C040000000000000009 /* Build configuration list for PBXNativeTarget "TimelapseTests" */;
			buildPhases = (
				A11C4C040000000000000002 /* Sources */,
				A11C4C040000000000000003 /* Frameworks */,
				A11C4C040000000000000004 /* Resources */,
			);
			buildRules = (
			);
			dependencies = (
				A11C4C040000000000000006 /* PBXTargetDependency */,
			);
			name = TimelapseTests;
			productName = TimelapseTests;
			productReference = A11C4C010000000000000007 /* TimelapseTests.xctest */;
			productType = "com.apple.product-type.bundle.unit-test";
		};
/* End PBXNativeTarget section */

/* Begin PBXProject section */
		29B97313FDCFA39411CA2CEA /* Project object */ = {
			isa = PBXProject;
			attributes = {
				BuildIndependentTargetsInParallel = YES;
				LastSwiftUpdateCheck = 2630;
				LastUpgradeCheck = 2630;
				TargetAttributes = {
					1D6058900D05DD3D006BFB54 = {
						DevelopmentTeam = 4P8S9W2NYL;
						LastSwiftMigration = 2630;
					};
					A11C4C040000000000000001 = {
						DevelopmentTeam = 4P8S9W2NYL;
						LastSwiftMigration = 2630;
						TestTargetID = 1D6058900D05DD3D006BFB54;
					};
				};
			};
			buildConfigurationList = C01FCF4E08A954540054247B /* Build configuration list for PBXProject "Timelapse" */;
			compatibilityVersion = "Xcode 12.0";
			developmentRegion = en;
			hasScannedForEncodings = 1;
			knownRegions = (
				en,
				Base,
			);
			mainGroup = 29B97314FDCFA39411CA2CEA /* Timelapse */;
			productRefGroup = 19C28FACFE9D520D11CA2CBB /* Products */;
			projectDirPath = "";
			projectRoot = "";
			targets = (
				1D6058900D05DD3D006BFB54 /* Timelapse */,
				A11C4C040000000000000001 /* TimelapseTests */,
			);
		};
/* End PBXProject section */

/* Begin PBXResourcesBuildPhase section */
		1D60588D0D05DD3D006BFB54 /* Resources */ = {
			isa = PBXResourcesBuildPhase;
			buildActionMask = 2147483647;
			files = (
				A11C4C02000000000000000A /* timelapse.icon in Resources */,
				A11C4C020000000000000009 /* leica-click.wav in Resources */,
				A11C4C02000000000000000B /* leica-shutter.wav in Resources */,
				052EE1ED12E013D800292760 /* si.png in Resources */,
				0590344212F13E3900B76180 /* si@2x.png in Resources */,
				0590341712F1372F00B76180 /* dan.png in Resources */,
				0590343B12F13E2900B76180 /* dan@2x.png in Resources */,
				0590341612F1372F00B76180 /* pix.png in Resources */,
				0590343C12F13E2900B76180 /* pix@2x.png in Resources */,
			);
			runOnlyForDeploymentPostprocessing = 0;
		};
		A11C4C040000000000000004 /* Resources */ = {
			isa = PBXResourcesBuildPhase;
			buildActionMask = 2147483647;
			files = (
			);
			runOnlyForDeploymentPostprocessing = 0;
		};
/* End PBXResourcesBuildPhase section */

/* Begin PBXSourcesBuildPhase section */
		1D60588E0D05DD3D006BFB54 /* Sources */ = {
			isa = PBXSourcesBuildPhase;
			buildActionMask = 2147483647;
			files = (
				A11C4C020000000000000001 /* Calculator.swift in Sources */,
				A11C4C020000000000000002 /* CalculatorStore.swift in Sources */,
				A11C4C020000000000000003 /* TimelapseApp.swift in Sources */,
				A11C4C020000000000000004 /* CalculatorView.swift in Sources */,
				A11C4C020000000000000005 /* SettingsView.swift in Sources */,
				A11C4C020000000000000008 /* LeicaClick.swift in Sources */,
			);
			runOnlyForDeploymentPostprocessing = 0;
		};
		A11C4C040000000000000002 /* Sources */ = {
			isa = PBXSourcesBuildPhase;
			buildActionMask = 2147483647;
			files = (
				A11C4C020000000000000006 /* CalculatorTests.swift in Sources */,
			);
			runOnlyForDeploymentPostprocessing = 0;
		};
/* End PBXSourcesBuildPhase section */

/* Begin PBXTargetDependency section */
		A11C4C040000000000000006 /* PBXTargetDependency */ = {
			isa = PBXTargetDependency;
			target = 1D6058900D05DD3D006BFB54 /* Timelapse */;
			targetProxy = A11C4C040000000000000005 /* PBXContainerItemProxy */;
		};
/* End PBXTargetDependency section */

/* Begin XCBuildConfiguration section */
		1D6058940D05DD3E006BFB54 /* Debug */ = {
			isa = XCBuildConfiguration;
			buildSettings = {
				ALWAYS_SEARCH_USER_PATHS = NO;
				ASSETCATALOG_COMPILER_APPICON_NAME = timelapse;
				CLANG_ENABLE_MODULES = YES;
				CODE_SIGN_IDENTITY = "iPhone Developer";
				"CODE_SIGN_IDENTITY[sdk=iphoneos*]" = "iPhone Developer";
				COPY_PHASE_STRIP = NO;
				DEFINES_MODULE = YES;
				DEVELOPMENT_TEAM = 4P8S9W2NYL;
				ENABLE_TESTABILITY = YES;
				GENERATE_INFOPLIST_FILE = NO;
				INFOPLIST_FILE = "Timelapse-Info.plist";
				IPHONEOS_DEPLOYMENT_TARGET = 17.0;
				LD_RUNPATH_SEARCH_PATHS = (
					"$(inherited)",
					"@executable_path/Frameworks",
				);
				PRODUCT_BUNDLE_IDENTIFIER = com.sighmon.timelapse;
				PRODUCT_NAME = Timelapse;
				SWIFT_ACTIVE_COMPILATION_CONDITIONS = DEBUG;
				SWIFT_OPTIMIZATION_LEVEL = "-Onone";
				SWIFT_VERSION = 5.0;
				TARGETED_DEVICE_FAMILY = "1,2";
			};
			name = Debug;
		};
		1D6058950D05DD3E006BFB54 /* Release */ = {
			isa = XCBuildConfiguration;
			buildSettings = {
				ALWAYS_SEARCH_USER_PATHS = NO;
				ASSETCATALOG_COMPILER_APPICON_NAME = timelapse;
				CLANG_ENABLE_MODULES = YES;
				CODE_SIGN_IDENTITY = "iPhone Developer";
				"CODE_SIGN_IDENTITY[sdk=iphoneos*]" = "iPhone Developer";
				COPY_PHASE_STRIP = YES;
				DEFINES_MODULE = YES;
				DEVELOPMENT_TEAM = 4P8S9W2NYL;
				GENERATE_INFOPLIST_FILE = NO;
				INFOPLIST_FILE = "Timelapse-Info.plist";
				IPHONEOS_DEPLOYMENT_TARGET = 17.0;
				LD_RUNPATH_SEARCH_PATHS = (
					"$(inherited)",
					"@executable_path/Frameworks",
				);
				PRODUCT_BUNDLE_IDENTIFIER = com.sighmon.timelapse;
				PRODUCT_NAME = Timelapse;
				SWIFT_OPTIMIZATION_LEVEL = "-O";
				SWIFT_VERSION = 5.0;
				TARGETED_DEVICE_FAMILY = "1,2";
				VALIDATE_PRODUCT = YES;
			};
			name = Release;
		};
		A11C4C040000000000000007 /* Debug */ = {
			isa = XCBuildConfiguration;
			buildSettings = {
				BUNDLE_LOADER = "$(TEST_HOST)";
				CLANG_ENABLE_MODULES = YES;
				CODE_SIGN_IDENTITY = "iPhone Developer";
				DEVELOPMENT_TEAM = 4P8S9W2NYL;
				GENERATE_INFOPLIST_FILE = YES;
				IPHONEOS_DEPLOYMENT_TARGET = 17.0;
				LD_RUNPATH_SEARCH_PATHS = (
					"$(inherited)",
					"@executable_path/Frameworks",
					"@loader_path/Frameworks",
				);
				PRODUCT_BUNDLE_IDENTIFIER = com.sighmon.timelapse.tests;
				PRODUCT_NAME = TimelapseTests;
				SWIFT_ACTIVE_COMPILATION_CONDITIONS = DEBUG;
				SWIFT_OPTIMIZATION_LEVEL = "-Onone";
				SWIFT_VERSION = 5.0;
				TARGETED_DEVICE_FAMILY = "1,2";
				TEST_HOST = "$(BUILT_PRODUCTS_DIR)/Timelapse.app/$(BUNDLE_EXECUTABLE_FOLDER_PATH)/Timelapse";
			};
			name = Debug;
		};
		A11C4C040000000000000008 /* Release */ = {
			isa = XCBuildConfiguration;
			buildSettings = {
				BUNDLE_LOADER = "$(TEST_HOST)";
				CLANG_ENABLE_MODULES = YES;
				CODE_SIGN_IDENTITY = "iPhone Developer";
				DEVELOPMENT_TEAM = 4P8S9W2NYL;
				GENERATE_INFOPLIST_FILE = YES;
				IPHONEOS_DEPLOYMENT_TARGET = 17.0;
				LD_RUNPATH_SEARCH_PATHS = (
					"$(inherited)",
					"@executable_path/Frameworks",
					"@loader_path/Frameworks",
				);
				PRODUCT_BUNDLE_IDENTIFIER = com.sighmon.timelapse.tests;
				PRODUCT_NAME = TimelapseTests;
				SWIFT_OPTIMIZATION_LEVEL = "-O";
				SWIFT_VERSION = 5.0;
				TARGETED_DEVICE_FAMILY = "1,2";
				TEST_HOST = "$(BUILT_PRODUCTS_DIR)/Timelapse.app/$(BUNDLE_EXECUTABLE_FOLDER_PATH)/Timelapse";
			};
			name = Release;
		};
		C01FCF4F08A954540054247B /* Debug */ = {
			isa = XCBuildConfiguration;
			buildSettings = {
				ALWAYS_SEARCH_USER_PATHS = NO;
				CLANG_ENABLE_MODULES = YES;
				CLANG_ENABLE_OBJC_ARC = YES;
				CODE_SIGN_IDENTITY = "iPhone Developer";
				"CODE_SIGN_IDENTITY[sdk=iphoneos*]" = "iPhone Developer";
				ENABLE_TESTABILITY = YES;
				GCC_C_LANGUAGE_STANDARD = c99;
				GCC_DYNAMIC_NO_PIC = NO;
				GCC_OPTIMIZATION_LEVEL = 0;
				GCC_WARN_ABOUT_RETURN_TYPE = YES;
				GCC_WARN_UNUSED_VARIABLE = YES;
				IPHONEOS_DEPLOYMENT_TARGET = 17.0;
				ONLY_ACTIVE_ARCH = YES;
				SDKROOT = iphoneos;
				SWIFT_ACTIVE_COMPILATION_CONDITIONS = DEBUG;
				SWIFT_OPTIMIZATION_LEVEL = "-Onone";
				SWIFT_VERSION = 5.0;
			};
			name = Debug;
		};
		C01FCF5008A954540054247B /* Release */ = {
			isa = XCBuildConfiguration;
			buildSettings = {
				ALWAYS_SEARCH_USER_PATHS = NO;
				CLANG_ENABLE_MODULES = YES;
				CLANG_ENABLE_OBJC_ARC = YES;
				CODE_SIGN_IDENTITY = "iPhone Distribution";
				"CODE_SIGN_IDENTITY[sdk=iphoneos*]" = "iPhone Distribution";
				GCC_C_LANGUAGE_STANDARD = c99;
				GCC_WARN_ABOUT_RETURN_TYPE = YES;
				GCC_WARN_UNUSED_VARIABLE = YES;
				IPHONEOS_DEPLOYMENT_TARGET = 17.0;
				OTHER_CFLAGS = "-DNS_BLOCK_ASSERTIONS=1";
				SDKROOT = iphoneos;
				SWIFT_COMPILATION_MODE = wholemodule;
				SWIFT_OPTIMIZATION_LEVEL = "-O";
				SWIFT_VERSION = 5.0;
			};
			name = Release;
		};
/* End XCBuildConfiguration section */

/* Begin XCConfigurationList section */
		1D6058960D05DD3E006BFB54 /* Build configuration list for PBXNativeTarget "Timelapse" */ = {
			isa = XCConfigurationList;
			buildConfigurations = (
				1D6058940D05DD3E006BFB54 /* Debug */,
				1D6058950D05DD3E006BFB54 /* Release */,
			);
			defaultConfigurationIsVisible = 0;
			defaultConfigurationName = Release;
		};
		A11C4C040000000000000009 /* Build configuration list for PBXNativeTarget "TimelapseTests" */ = {
			isa = XCConfigurationList;
			buildConfigurations = (
				A11C4C040000000000000007 /* Debug */,
				A11C4C040000000000000008 /* Release */,
			);
			defaultConfigurationIsVisible = 0;
			defaultConfigurationName = Release;
		};
		C01FCF4E08A954540054247B /* Build configuration list for PBXProject "Timelapse" */ = {
			isa = XCConfigurationList;
			buildConfigurations = (
				C01FCF4F08A954540054247B /* Debug */,
				C01FCF5008A954540054247B /* Release */,
			);
			defaultConfigurationIsVisible = 0;
			defaultConfigurationName = Release;
		};
/* End XCConfigurationList section */
	};
	rootObject = 29B97313FDCFA39411CA2CEA /* Project object */;
}
